
Microsoft Visual Studio Solution File, Format Version 12.00
# Visual Studio Version 17
VisualStudioVersion = 17.10.35027.167
MinimumVisualStudioVersion = 10.0.40219.1
Project("{FAE04EC0-301F-11D3-BF4B-00C04F79EFBC}") = "Sol_Lab1&2", "Sol_Lab1&2\Sol_Lab1&2.csproj", "{048DAF94-1FEB-4C34-B4A8-5B7973CF48DF}"
EndProject
Global
	GlobalSection(SolutionConfigurationPlatforms) = preSolution
		Debug|Any CPU = Debug|Any CPU
		Release|Any CPU = Release|Any CPU
	EndGlobalSection
	GlobalSection(ProjectConfigurationPlatforms) = postSolution
		{048DAF94-1FEB-4C34-B4A8-5B7973CF48DF}.Debug|Any CPU.ActiveCfg = Debug|Any CPU
		{048DAF94-1FEB-4C34-B4A8-5B7973CF48DF}.Debug|Any CPU.Build.0 = Debug|Any CPU
		{048DAF94-1FEB-4C34-B4A8-5B7973CF48DF}.Release|Any CPU.ActiveCfg = Release|Any CPU
		{048DAF94-1FEB-4C34-B4A8-5B7973CF48DF}.Release|Any CPU.Build.0 = Release|Any CPU
	EndGlobalSection
	GlobalSection(SolutionProperties) = preSolution
		HideSolutionNode = FALSE
	EndGlobalSection
	GlobalSection(ExtensibilityGlobals) = postSolution
		SolutionGuid = {E0E88EDC-FDC0-4693-8131-037DA7078F81}
	EndGlobalSection
EndGlobal
